{
  "pins" : [
    {
      "identity" : "ffmpeg-ios",
      "kind" : "remoteSourceControl",
      "location" : "https://github.com/kewlbear/FFmpeg-iOS.git",
      "state" : {
        "revision" : "59c01fbba5a85005d4b624f77f6ad32d43a4d922",
        "version" : "0.0.5"
      }
    },
    {
      "identity" : "python-ios",
      "kind" : "remoteSourceControl",
      "location" : "https://github.com/kewlbear/Python-iOS.git",
      "state" : {
        "revision" : "784b391aa25c765761998cacb2d1fd5c86014164",
        "version" : "0.1.1-b20230312-012746"
      }
    },
    {
      "identity" : "pythonkit",
      "kind" : "remoteSourceControl",
      "location" : "https://github.com/pvieito/PythonKit.git",
      "state" : {
        "revision" : "81f621d094a7c8923207efe5178f50dba1b56c39",
        "version" : "0.3.1"
      }
    },
    {
      "identity" : "swift-argument-parser",
      "kind" : "remoteSourceControl",
      "location" : "https://github.com/apple/swift-argument-parser",
      "state" : {
        "revision" : "6b2aa2748a7881eebb9f84fb10c01293e15b52ca",
        "version" : "0.5.0"
      }
    },
    {
      "identity" : "youtubedl-ios",
      "kind" : "remoteSourceControl",
      "location" : "https://github.com/kewlbear/YoutubeDL-iOS.git",
      "state" : {
        "revision" : "c9f755e5a164f1c33b8b2573b789fdb070ec5b3d",
        "version" : "0.0.4"
      }
    }
  ],
  "version" : 2
}
